PODS:
  - fuikit (0.1.5):
    - fuikit/Core (= 0.1.5)
    - fuikit/CoreBluetooth (= 0.1.5)
    - fuikit/CoreLocation (= 0.1.5)
  - fuikit/Core (0.1.5)
  - fuikit/CoreBluetooth (0.1.5)
  - fuikit/CoreLocation (0.1.5)
  - FunNet (0.1.1):
    - FunNet/Combine (= 0.1.1)
    - FunNet/Core (= 0.1.1)
    - FunNet/Multipart (= 0.1.1)
    - FunNet/ReactiveSwift (= 0.1.1)
    - LithoOperators
  - FunNet/Core (0.1.1):
    - LithoOperators
    - LithoUtils/Core
    - Slippers
  - FunNet/Multipart (0.1.1):
    - LithoOperators
  - FunNet/ReactiveSwift (0.1.1):
    - FunNet/Core
    - LithoOperators
    - ReactiveSwift
  - LithoOperators (0.1.4):
    - Prelude
  - LithoUtils/Core (0.1.0):
    - fuikit
    - LithoOperators
  - Prelude (3.0.0)
  - ReactiveSwift (6.6.0)
  - Slippers (0.1.1)

DEPENDENCIES:
  - FunNet (from `../`)
  - LithoOperators (from `https://github.com/ThryvInc/LithoOperators`, branch `cjc8/new-operators`)
  - LithoUtils/Core (from `https://github.com/ThryvInc/litho-utils`)
  - Slippers (from `https://github.com/ThryvInc/slippers`)

SPEC REPOS:
  trunk:
    - fuikit
    - Prelude
    - ReactiveSwift

EXTERNAL SOURCES:
  FunNet:
    :path: "../"
  LithoOperators:
    :branch: cjc8/new-operators
    :git: https://github.com/ThryvInc/LithoOperators
  LithoUtils:
    :git: https://github.com/ThryvInc/litho-utils
  Slippers:
    :git: https://github.com/ThryvInc/slippers

CHECKOUT OPTIONS:
  LithoOperators:
    :commit: 45b0921a2944eb8c9bd4208ba71db837d163f7be
    :git: https://github.com/ThryvInc/LithoOperators
  LithoUtils:
    :commit: ab690d6a0e1ca0db425d53ae90462246e8d1342e
    :git: https://github.com/ThryvInc/litho-utils
  Slippers:
    :commit: c73ac0ab4d39bf981dda7caa23d959a5f22f2bb9
    :git: https://github.com/ThryvInc/slippers

SPEC CHECKSUMS:
  fuikit: 976080e1c04037e01d14541135a104cb208d8c0d
  FunNet: f8bb223e1ec7d5e286ec6f3f9d59d8b7b685df1d
  LithoOperators: 8fc0c6a49e34a8d1ca01b777844f58e36c062d9f
  LithoUtils: 3d89146680c1a7449334069cc75a092c32dde585
  Prelude: fe4cc0fd961d34edf48fe6b04d05c863449efb0a
  ReactiveSwift: be9407e2aaf8a11e53a5229255693cffd9a63ccf
  Slippers: 3814c93fd93305f918a984e724d5db4d9569a660

PODFILE CHECKSUM: 71d92ec7362f6edf83bb6ed63a788ef23e307e8a

COCOAPODS: 1.10.0
